// !$*UTF8*$!
{
	archiveVersion = 1;
	classes = {
	};
	objectVersion = 56;
	objects = {

/* Begin PBXBuildFile section */
		1D4F504B2A5E070B00D0DDBA /* Int + Extensions.swift in Sources */ = {isa = PBXBuildFile; fileRef = 1D4F504A2A5E070B00D0DDBA /* Int + Extensions.swift */; };
		1D78026B2A2D63A900D5C91B /* UIColor + Extensions.swift in Sources */ = {isa = PBXBuildFile; fileRef = 1D78026A2A2D63A900D5C91B /* UIColor + Extensions.swift */; };
		1D78026D2A2D775400D5C91B /* NewHabitViewController.swift in Sources */ = {isa = PBXBuildFile; fileRef = 1D78026C2A2D775400D5C91B /* NewHabitViewController.swift */; };
		1D78026F2A2E160C00D5C91B /* NewHabitViewControllerCells.swift in Sources */ = {isa = PBXBuildFile; fileRef = 1D78026E2A2E160C00D5C91B /* NewHabitViewControllerCells.swift */; };
		1D7802732A312FE100D5C91B /* NewHabitTableViewCell.swift in Sources */ = {isa = PBXBuildFile; fileRef = 1D7802722A312FE100D5C91B /* NewHabitTableViewCell.swift */; };
		1D93377F2A41449000536F38 /* ScheduleViewController.swift in Sources */ = {isa = PBXBuildFile; fileRef = 1D93377E2A41449000536F38 /* ScheduleViewController.swift */; };
		1D9337812A43833600536F38 /* ScheduleTableViewCell.swift in Sources */ = {isa = PBXBuildFile; fileRef = 1D9337802A43833600536F38 /* ScheduleTableViewCell.swift */; };
		1D9337842A451E8B00536F38 /* DataManager.swift in Sources */ = {isa = PBXBuildFile; fileRef = 1D9337832A451E8B00536F38 /* DataManager.swift */; };
		1D9337872A451F3C00536F38 /* TrackerModels.swift in Sources */ = {isa = PBXBuildFile; fileRef = 1D9337862A451F3C00536F38 /* TrackerModels.swift */; };
		1D9337892A4658D600536F38 /* NewCategoryViewController.swift in Sources */ = {isa = PBXBuildFile; fileRef = 1D9337882A4658D600536F38 /* NewCategoryViewController.swift */; };
		1D93378B2A48955A00536F38 /* CategoryViewController.swift in Sources */ = {isa = PBXBuildFile; fileRef = 1D93378A2A48955A00536F38 /* CategoryViewController.swift */; };
		1D93378D2A48A49E00536F38 /* CategoryTableViewCell.swift in Sources */ = {isa = PBXBuildFile; fileRef = 1D93378C2A48A49E00536F38 /* CategoryTableViewCell.swift */; };
		1D9ACEE02A2570F6006DD51F /* AppDelegate.swift in Sources */ = {isa = PBXBuildFile; fileRef = 1D9ACEDF2A2570F6006DD51F /* AppDelegate.swift */; };
		1D9ACEE42A2570F6006DD51F /* TrackListViewController.swift in Sources */ = {isa = PBXBuildFile; fileRef = 1D9ACEE32A2570F6006DD51F /* TrackListViewController.swift */; };
		1D9ACEE92A2570F7006DD51F /* Assets.xcassets in Resources */ = {isa = PBXBuildFile; fileRef = 1D9ACEE82A2570F7006DD51F /* Assets.xcassets */; };
		1D9ACEEC2A2570F7006DD51F /* LaunchScreen.storyboard in Resources */ = {isa = PBXBuildFile; fileRef = 1D9ACEEA2A2570F7006DD51F /* LaunchScreen.storyboard */; };
		1D9ACEF42A257AFD006DD51F /* StatisticViewController.swift in Sources */ = {isa = PBXBuildFile; fileRef = 1D9ACEF32A257AFD006DD51F /* StatisticViewController.swift */; };
		1D9ACEF62A25882B006DD51F /* TabBarController.swift in Sources */ = {isa = PBXBuildFile; fileRef = 1D9ACEF52A25882B006DD51F /* TabBarController.swift */; };
		1D9ACEF82A2A919F006DD51F /* CreateTrackerViewController.swift in Sources */ = {isa = PBXBuildFile; fileRef = 1D9ACEF72A2A919E006DD51F /* CreateTrackerViewController.swift */; };
		1DCDC44C2A3A7C560003B039 /* NewHabitSupplementaryView.swift in Sources */ = {isa = PBXBuildFile; fileRef = 1DCDC44B2A3A7C560003B039 /* NewHabitSupplementaryView.swift */; };
		1DEECDD22A516D16004F126B /* TrackListViewControllerCell.swift in Sources */ = {isa = PBXBuildFile; fileRef = 1DEECDD12A516D16004F126B /* TrackListViewControllerCell.swift */; };
		1DEECDD42A537606004F126B /* TrackerListSupplementaryView.swift in Sources */ = {isa = PBXBuildFile; fileRef = 1DEECDD32A537606004F126B /* TrackerListSupplementaryView.swift */; };
		1DEECDF62A5BDE50004F126B /* Placeholder.swift in Sources */ = {isa = PBXBuildFile; fileRef = 1DEECDF52A5BDE50004F126B /* Placeholder.swift */; };
/* End PBXBuildFile section */

/* Begin PBXFileReference section */
		1D4F504A2A5E070B00D0DDBA /* Int + Extensions.swift */ = {isa = PBXFileReference; lastKnownFileType = sourcecode.swift; path = "Int + Extensions.swift"; sourceTree = "<group>"; };
		1D78026A2A2D63A900D5C91B /* UIColor + Extensions.swift */ = {isa = PBXFileReference; lastKnownFileType = sourcecode.swift; path = "UIColor + Extensions.swift"; sourceTree = "<group>"; };
		1D78026C2A2D775400D5C91B /* NewHabitViewController.swift */ = {isa = PBXFileReference; lastKnownFileType = sourcecode.swift; path = NewHabitViewController.swift; sourceTree = "<group>"; };
		1D78026E2A2E160C00D5C91B /* NewHabitViewControllerCells.swift */ = {isa = PBXFileReference; lastKnownFileType = sourcecode.swift; path = NewHabitViewControllerCells.swift; sourceTree = "<group>"; };
		1D7802722A312FE100D5C91B /* NewHabitTableViewCell.swift */ = {isa = PBXFileReference; lastKnownFileType = sourcecode.swift; path = NewHabitTableViewCell.swift; sourceTree = "<group>"; };
		1D93377E2A41449000536F38 /* ScheduleViewController.swift */ = {isa = PBXFileReference; lastKnownFileType = sourcecode.swift; path = ScheduleViewController.swift; sourceTree = "<group>"; };
		1D9337802A43833600536F38 /* ScheduleTableViewCell.swift */ = {isa = PBXFileReference; lastKnownFileType = sourcecode.swift; path = ScheduleTableViewCell.swift; sourceTree = "<group>"; };
		1D9337832A451E8B00536F38 /* DataManager.swift */ = {isa = PBXFileReference; lastKnownFileType = sourcecode.swift; path = DataManager.swift; sourceTree = "<group>"; };
		1D9337862A451F3C00536F38 /* TrackerModels.swift */ = {isa = PBXFileReference; lastKnownFileType = sourcecode.swift; path = TrackerModels.swift; sourceTree = "<group>"; };
		1D9337882A4658D600536F38 /* NewCategoryViewController.swift */ = {isa = PBXFileReference; lastKnownFileType = sourcecode.swift; path = NewCategoryViewController.swift; sourceTree = "<group>"; };
		1D93378A2A48955A00536F38 /* CategoryViewController.swift */ = {isa = PBXFileReference; lastKnownFileType = sourcecode.swift; path = CategoryViewController.swift; sourceTree = "<group>"; };
		1D93378C2A48A49E00536F38 /* CategoryTableViewCell.swift */ = {isa = PBXFileReference; lastKnownFileType = sourcecode.swift; path = CategoryTableViewCell.swift; sourceTree = "<group>"; };
		1D9ACEDC2A2570F6006DD51F /* Tracker.app */ = {isa = PBXFileReference; explicitFileType = wrapper.application; includeInIndex = 0; path = Tracker.app; sourceTree = BUILT_PRODUCTS_DIR; };
		1D9ACEDF2A2570F6006DD51F /* AppDelegate.swift */ = {isa = PBXFileReference; lastKnownFileType = sourcecode.swift; path = AppDelegate.swift; sourceTree = "<group>"; };
		1D9ACEE32A2570F6006DD51F /* TrackListViewController.swift */ = {isa = PBXFileReference; lastKnownFileType = sourcecode.swift; path = TrackListViewController.swift; sourceTree = "<group>"; };
		1D9ACEE82A2570F7006DD51F /* Assets.xcassets */ = {isa = PBXFileReference; lastKnownFileType = folder.assetcatalog; path = Assets.xcassets; sourceTree = "<group>"; };
		1D9ACEEB2A2570F7006DD51F /* Base */ = {isa = PBXFileReference; lastKnownFileType = file.storyboard; name = Base; path = Base.lproj/LaunchScreen.storyboard; sourceTree = "<group>"; };
		1D9ACEED2A2570F7006DD51F /* Info.plist */ = {isa = PBXFileReference; lastKnownFileType = text.plist.xml; path = Info.plist; sourceTree = "<group>"; };
		1D9ACEF32A257AFD006DD51F /* StatisticViewController.swift */ = {isa = PBXFileReference; lastKnownFileType = sourcecode.swift; path = StatisticViewController.swift; sourceTree = "<group>"; };
		1D9ACEF52A25882B006DD51F /* TabBarController.swift */ = {isa = PBXFileReference; lastKnownFileType = sourcecode.swift; path = TabBarController.swift; sourceTree = "<group>"; };
		1D9ACEF72A2A919E006DD51F /* CreateTrackerViewController.swift */ = {isa = PBXFileReference; lastKnownFileType = sourcecode.swift; path = CreateTrackerViewController.swift; sourceTree = "<group>"; };
		1DCDC44B2A3A7C560003B039 /* NewHabitSupplementaryView.swift */ = {isa = PBXFileReference; lastKnownFileType = sourcecode.swift; path = NewHabitSupplementaryView.swift; sourceTree = "<group>"; };
		1DEECDD12A516D16004F126B /* TrackListViewControllerCell.swift */ = {isa = PBXFileReference; lastKnownFileType = sourcecode.swift; path = TrackListViewControllerCell.swift; sourceTree = "<group>"; };
		1DEECDD32A537606004F126B /* TrackerListSupplementaryView.swift */ = {isa = PBXFileReference; lastKnownFileType = sourcecode.swift; path = TrackerListSupplementaryView.swift; sourceTree = "<group>"; };
		1DEECDF52A5BDE50004F126B /* Placeholder.swift */ = {isa = PBXFileReference; lastKnownFileType = sourcecode.swift; path = Placeholder.swift; sourceTree = "<group>"; };
/* End PBXFileReference section */

/* Begin PBXFrameworksBuildPhase section */
		1D9ACED92A2570F6006DD51F /* Frameworks */ = {
			isa = PBXFrameworksBuildPhase;
			buildActionMask = 2147483647;
			files = (
			);
			runOnlyForDeploymentPostprocessing = 0;
		};
/* End PBXFrameworksBuildPhase section */

/* Begin PBXGroup section */
		1D7802692A2D638800D5C91B /* Helpers */ = {
			isa = PBXGroup;
			children = (
				1D78026A2A2D63A900D5C91B /* UIColor + Extensions.swift */,
				1DEECDF52A5BDE50004F126B /* Placeholder.swift */,
				1D4F504A2A5E070B00D0DDBA /* Int + Extensions.swift */,
			);
			path = Helpers;
			sourceTree = "<group>";
		};
		1D93377D2A41445000536F38 /* Schedule */ = {
			isa = PBXGroup;
			children = (
				1D93377E2A41449000536F38 /* ScheduleViewController.swift */,
				1D9337802A43833600536F38 /* ScheduleTableViewCell.swift */,
			);
			path = Schedule;
			sourceTree = "<group>";
		};
		1D9337822A451E5C00536F38 /* Data */ = {
			isa = PBXGroup;
			children = (
				1D9337832A451E8B00536F38 /* DataManager.swift */,
			);
			path = Data;
			sourceTree = "<group>";
		};
		1D9337852A451F1A00536F38 /* Models */ = {
			isa = PBXGroup;
			children = (
				1D9337862A451F3C00536F38 /* TrackerModels.swift */,
			);
			path = Models;
			sourceTree = "<group>";
		};
		1D9ACED32A2570F6006DD51F = {
			isa = PBXGroup;
			children = (
				1D9ACEDE2A2570F6006DD51F /* Tracker */,
				1D9ACEDD2A2570F6006DD51F /* Products */,
			);
			sourceTree = "<group>";
		};
		1D9ACEDD2A2570F6006DD51F /* Products */ = {
			isa = PBXGroup;
			children = (
				1D9ACEDC2A2570F6006DD51F /* Tracker.app */,
			);
			name = Products;
			sourceTree = "<group>";
		};
		1D9ACEDE2A2570F6006DD51F /* Tracker */ = {
			isa = PBXGroup;
			children = (
				1D9337822A451E5C00536F38 /* Data */,
				1D9337852A451F1A00536F38 /* Models */,
				1D93377D2A41445000536F38 /* Schedule */,
				1D7802692A2D638800D5C91B /* Helpers */,
				1DCDC44E2A3FEF870003B039 /* TrackList */,
				1DCDC4542A3FF07A0003B039 /* CreateTracker */,
				1DCDC44D2A3FEF380003B039 /* NewHabit */,
				1DCDC44F2A3FEFD50003B039 /* Statistic */,
				1DCDC4502A3FEFF40003B039 /* TabBar */,
				1DCDC4522A3FF01E0003B039 /* Assets */,
				1DCDC4512A3FF00B0003B039 /* LaunchScreen */,
				1DCDC4532A3FF0480003B039 /* App */,
				1D9ACEED2A2570F7006DD51F /* Info.plist */,
			);
			path = Tracker;
			sourceTree = "<group>";
		};
		1DCDC44D2A3FEF380003B039 /* NewHabit */ = {
			isa = PBXGroup;
			children = (
				1D7802722A312FE100D5C91B /* NewHabitTableViewCell.swift */,
				1D78026E2A2E160C00D5C91B /* NewHabitViewControllerCells.swift */,
				1D78026C2A2D775400D5C91B /* NewHabitViewController.swift */,
				1DCDC44B2A3A7C560003B039 /* NewHabitSupplementaryView.swift */,
				1D9337882A4658D600536F38 /* NewCategoryViewController.swift */,
				1D93378A2A48955A00536F38 /* CategoryViewController.swift */,
				1D93378C2A48A49E00536F38 /* CategoryTableViewCell.swift */,
			);
			path = NewHabit;
			sourceTree = "<group>";
		};
		1DCDC44E2A3FEF870003B039 /* TrackList */ = {
			isa = PBXGroup;
			children = (
				1D9ACEE32A2570F6006DD51F /* TrackListViewController.swift */,
				1DEECDD12A516D16004F126B /* TrackListViewControllerCell.swift */,
				1DEECDD32A537606004F126B /* TrackerListSupplementaryView.swift */,
			);
			path = TrackList;
			sourceTree = "<group>";
		};
		1DCDC44F2A3FEFD50003B039 /* Statistic */ = {
			isa = PBXGroup;
			children = (
				1D9ACEF32A257AFD006DD51F /* StatisticViewController.swift */,
			);
			path = Statistic;
			sourceTree = "<group>";
		};
		1DCDC4502A3FEFF40003B039 /* TabBar */ = {
			isa = PBXGroup;
			children = (
				1D9ACEF52A25882B006DD51F /* TabBarController.swift */,
			);
			path = TabBar;
			sourceTree = "<group>";
		};
		1DCDC4512A3FF00B0003B039 /* LaunchScreen */ = {
			isa = PBXGroup;
			children = (
				1D9ACEEA2A2570F7006DD51F /* LaunchScreen.storyboard */,
			);
			path = LaunchScreen;
			sourceTree = "<group>";
		};
		1DCDC4522A3FF01E0003B039 /* Assets */ = {
			isa = PBXGroup;
			children = (
				1D9ACEE82A2570F7006DD51F /* Assets.xcassets */,
			);
			path = Assets;
			sourceTree = "<group>";
		};
		1DCDC4532A3FF0480003B039 /* App */ = {
			isa = PBXGroup;
			children = (
				1D9ACEDF2A2570F6006DD51F /* AppDelegate.swift */,
			);
			path = App;
			sourceTree = "<group>";
		};
		1DCDC4542A3FF07A0003B039 /* CreateTracker */ = {
			isa = PBXGroup;
			children = (
				1D9ACEF72A2A919E006DD51F /* CreateTrackerViewController.swift */,
			);
			path = CreateTracker;
			sourceTree = "<group>";
		};
/* End PBXGroup section */

/* Begin PBXNativeTarget section */
		1D9ACEDB2A2570F6006DD51F /* Tracker */ = {
			isa = PBXNativeTarget;
			buildConfigurationList = 1D9ACEF02A2570F7006DD51F /* Build configuration list for PBXNativeTarget "Tracker" */;
			buildPhases = (
				1D9ACED82A2570F6006DD51F /* Sources */,
				1D9ACED92A2570F6006DD51F /* Frameworks */,
				1D9ACEDA2A2570F6006DD51F /* Resources */,
			);
			buildRules = (
			);
			dependencies = (
			);
			name = Tracker;
			productName = Tracker;
			productReference = 1D9ACEDC2A2570F6006DD51F /* Tracker.app */;
			productType = "com.apple.product-type.application";
		};
/* End PBXNativeTarget section */

/* Begin PBXProject section */
		1D9ACED42A2570F6006DD51F /* Project object */ = {
			isa = PBXProject;
			attributes = {
				BuildIndependentTargetsInParallel = 1;
				LastSwiftUpdateCheck = 1430;
				LastUpgradeCheck = 1430;
				TargetAttributes = {
					1D9ACEDB2A2570F6006DD51F = {
						CreatedOnToolsVersion = 14.3;
					};
				};
			};
			buildConfigurationList = 1D9ACED72A2570F6006DD51F /* Build configuration list for PBXProject "Tracker" */;
			compatibilityVersion = "Xcode 14.0";
			developmentRegion = en;
			hasScannedForEncodings = 0;
			knownRegions = (
				en,
				Base,
			);
			mainGroup = 1D9ACED32A2570F6006DD51F;
			productRefGroup = 1D9ACEDD2A2570F6006DD51F /* Products */;
			projectDirPath = "";
			projectRoot = "";
			targets = (
				1D9ACEDB2A2570F6006DD51F /* Tracker */,
			);
		};
/* End PBXProject section */

/* Begin PBXResourcesBuildPhase section */
		1D9ACEDA2A2570F6006DD51F /* Resources */ = {
			isa = PBXResourcesBuildPhase;
			buildActionMask = 2147483647;
			files = (
				1D9ACEEC2A2570F7006DD51F /* LaunchScreen.storyboard in Resources */,
				1D9ACEE92A2570F7006DD51F /* Assets.xcassets in Resources */,
			);
			runOnlyForDeploymentPostprocessing = 0;
		};
/* End PBXResourcesBuildPhase section */

/* Begin PBXSourcesBuildPhase section */
		1D9ACED82A2570F6006DD51F /* Sources */ = {
			isa = PBXSourcesBuildPhase;
			buildActionMask = 2147483647;
			files = (
				1DEECDD22A516D16004F126B /* TrackListViewControllerCell.swift in Sources */,
				1D78026F2A2E160C00D5C91B /* NewHabitViewControllerCells.swift in Sources */,
				1D9337892A4658D600536F38 /* NewCategoryViewController.swift in Sources */,
				1D93378B2A48955A00536F38 /* CategoryViewController.swift in Sources */,
				1D9337812A43833600536F38 /* ScheduleTableViewCell.swift in Sources */,
				1DEECDD42A537606004F126B /* TrackerListSupplementaryView.swift in Sources */,
				1D4F504B2A5E070B00D0DDBA /* Int + Extensions.swift in Sources */,
				1D9ACEF42A257AFD006DD51F /* StatisticViewController.swift in Sources */,
				1D9337842A451E8B00536F38 /* DataManager.swift in Sources */,
				1D78026D2A2D775400D5C91B /* NewHabitViewController.swift in Sources */,
				1D93377F2A41449000536F38 /* ScheduleViewController.swift in Sources */,
				1D7802732A312FE100D5C91B /* NewHabitTableViewCell.swift in Sources */,
				1DEECDF62A5BDE50004F126B /* Placeholder.swift in Sources */,
				1D9ACEF62A25882B006DD51F /* TabBarController.swift in Sources */,
				1D9337872A451F3C00536F38 /* TrackerModels.swift in Sources */,
				1DCDC44C2A3A7C560003B039 /* NewHabitSupplementaryView.swift in Sources */,
				1D9ACEE42A2570F6006DD51F /* TrackListViewController.swift in Sources */,
				1D78026B2A2D63A900D5C91B /* UIColor + Extensions.swift in Sources */,
				1D9ACEF82A2A919F006DD51F /* CreateTrackerViewController.swift in Sources */,
				1D9ACEE02A2570F6006DD51F /* AppDelegate.swift in Sources */,
				1D93378D2A48A49E00536F38 /* CategoryTableViewCell.swift in Sources */,
			);
			runOnlyForDeploymentPostprocessing = 0;
		};
/* End PBXSourcesBuildPhase section */

/* Begin PBXVariantGroup section */
		1D9ACEEA2A2570F7006DD51F /* LaunchScreen.storyboard */ = {
			isa = PBXVariantGroup;
			children = (
				1D9ACEEB2A2570F7006DD51F /* Base */,
			);
			name = LaunchScreen.storyboard;
			sourceTree = "<group>";
		};
/* End PBXVariantGroup section */

/* Begin XCBuildConfiguration section */
		1D9ACEEE2A2570F7006DD51F /* Debug */ = {
			isa = XCBuildConfiguration;
			buildSettings = {
				ALWAYS_SEARCH_USER_PATHS = NO;
				CLANG_ANALYZER_NONNULL = YES;
				CLANG_ANALYZER_NUMBER_OBJECT_CONVERSION = YES_AGGRESSIVE;
				CLANG_CXX_LANGUAGE_STANDARD = "gnu++20";
				CLANG_ENABLE_MODULES = YES;
				CLANG_ENABLE_OBJC_ARC = YES;
				CLANG_ENABLE_OBJC_WEAK = YES;
				CLANG_WARN_BLOCK_CAPTURE_AUTORELEASING = YES;
				CLANG_WARN_BOOL_CONVERSION = YES;
				CLANG_WARN_COMMA = YES;
				CLANG_WARN_CONSTANT_CONVERSION = YES;
				CLANG_WARN_DEPRECATED_OBJC_IMPLEMENTATIONS = YES;
				CLANG_WARN_DIRECT_OBJC_ISA_USAGE = YES_ERROR;
				CLANG_WARN_DOCUMENTATION_COMMENTS = YES;
				CLANG_WARN_EMPTY_BODY = YES;
				CLANG_WARN_ENUM_CONVERSION = YES;
				CLANG_WARN_INFINITE_RECURSION = YES;
				CLANG_WARN_INT_CONVERSION = YES;
				CLANG_WARN_NON_LITERAL_NULL_CONVERSION = YES;
				CLANG_WARN_OBJC_IMPLICIT_RETAIN_SELF = YES;
				CLANG_WARN_OBJC_LITERAL_CONVERSION = YES;
				CLANG_WARN_OBJC_ROOT_CLASS = YES_ERROR;
				CLANG_WARN_QUOTED_INCLUDE_IN_FRAMEWORK_HEADER = YES;
				CLANG_WARN_RANGE_LOOP_ANALYSIS = YES;
				CLANG_WARN_STRICT_PROTOTYPES = YES;
				CLANG_WARN_SUSPICIOUS_MOVE = YES;
				CLANG_WARN_UNGUARDED_AVAILABILITY = YES_AGGRESSIVE;
				CLANG_WARN_UNREACHABLE_CODE = YES;
				CLANG_WARN__DUPLICATE_METHOD_MATCH = YES;
				COPY_PHASE_STRIP = NO;
				DEBUG_INFORMATION_FORMAT = dwarf;
				ENABLE_STRICT_OBJC_MSGSEND = YES;
				ENABLE_TESTABILITY = YES;
				GCC_C_LANGUAGE_STANDARD = gnu11;
				GCC_DYNAMIC_NO_PIC = NO;
				GCC_NO_COMMON_BLOCKS = YES;
				GCC_OPTIMIZATION_LEVEL = 0;
				GCC_PREPROCESSOR_DEFINITIONS = (
					"DEBUG=1",
					"$(inherited)",
				);
				GCC_WARN_64_TO_32_BIT_CONVERSION = YES;
				GCC_WARN_ABOUT_RETURN_TYPE = YES_ERROR;
				GCC_WARN_UNDECLARED_SELECTOR = YES;
				GCC_WARN_UNINITIALIZED_AUTOS = YES_AGGRESSIVE;
				GCC_WARN_UNUSED_FUNCTION = YES;
				GCC_WARN_UNUSED_VARIABLE = YES;
				IPHONEOS_DEPLOYMENT_TARGET = 16.4;
				MTL_ENABLE_DEBUG_INFO = INCLUDE_SOURCE;
				MTL_FAST_MATH = YES;
				ONLY_ACTIVE_ARCH = YES;
				SDKROOT = iphoneos;
				SWIFT_ACTIVE_COMPILATION_CONDITIONS = DEBUG;
				SWIFT_OPTIMIZATION_LEVEL = "-Onone";
			};
			name = Debug;
		};
		1D9ACEEF2A2570F7006DD51F /* Release */ = {
			isa = XCBuildConfiguration;
			buildSettings = {
				ALWAYS_SEARCH_USER_PATHS = NO;
				CLANG_ANALYZER_NONNULL = YES;
				CLANG_ANALYZER_NUMBER_OBJECT_CONVERSION = YES_AGGRESSIVE;
				CLANG_CXX_LANGUAGE_STANDARD = "gnu++20";
				CLANG_ENABLE_MODULES = YES;
				CLANG_ENABLE_OBJC_ARC = YES;
				CLANG_ENABLE_OBJC_WEAK = YES;
				CLANG_WARN_BLOCK_CAPTURE_AUTORELEASING = YES;
				CLANG_WARN_BOOL_CONVERSION = YES;
				CLANG_WARN_COMMA = YES;
				CLANG_WARN_CONSTANT_CONVERSION = YES;
				CLANG_WARN_DEPRECATED_OBJC_IMPLEMENTATIONS = YES;
				CLANG_WARN_DIRECT_OBJC_ISA_USAGE = YES_ERROR;
				CLANG_WARN_DOCUMENTATION_COMMENTS = YES;
				CLANG_WARN_EMPTY_BODY = YES;
				CLANG_WARN_ENUM_CONVERSION = YES;
				CLANG_WARN_INFINITE_RECURSION = YES;
				CLANG_WARN_INT_CONVERSION = YES;
				CLANG_WARN_NON_LITERAL_NULL_CONVERSION = YES;
				CLANG_WARN_OBJC_IMPLICIT_RETAIN_SELF = YES;
				CLANG_WARN_OBJC_LITERAL_CONVERSION = YES;
				CLANG_WARN_OBJC_ROOT_CLASS = YES_ERROR;
				CLANG_WARN_QUOTED_INCLUDE_IN_FRAMEWORK_HEADER = YES;
				CLANG_WARN_RANGE_LOOP_ANALYSIS = YES;
				CLANG_WARN_STRICT_PROTOTYPES = YES;
				CLANG_WARN_SUSPICIOUS_MOVE = YES;
				CLANG_WARN_UNGUARDED_AVAILABILITY = YES_AGGRESSIVE;
				CLANG_WARN_UNREACHABLE_CODE = YES;
				CLANG_WARN__DUPLICATE_METHOD_MATCH = YES;
				COPY_PHASE_STRIP = NO;
				DEBUG_INFORMATION_FORMAT = "dwarf-with-dsym";
				ENABLE_NS_ASSERTIONS = NO;
				ENABLE_STRICT_OBJC_MSGSEND = YES;
				GCC_C_LANGUAGE_STANDARD = gnu11;
				GCC_NO_COMMON_BLOCKS = YES;
				GCC_WARN_64_TO_32_BIT_CONVERSION = YES;
				GCC_WARN_ABOUT_RETURN_TYPE = YES_ERROR;
				GCC_WARN_UNDECLARED_SELECTOR = YES;
				GCC_WARN_UNINITIALIZED_AUTOS = YES_AGGRESSIVE;
				GCC_WARN_UNUSED_FUNCTION = YES;
				GCC_WARN_UNUSED_VARIABLE = YES;
				IPHONEOS_DEPLOYMENT_TARGET = 16.4;
				MTL_ENABLE_DEBUG_INFO = NO;
				MTL_FAST_MATH = YES;
				SDKROOT = iphoneos;
				SWIFT_COMPILATION_MODE = wholemodule;
				SWIFT_OPTIMIZATION_LEVEL = "-O";
				VALIDATE_PRODUCT = YES;
			};
			name = Release;
		};
		1D9ACEF12A2570F7006DD51F /* Debug */ = {
			isa = XCBuildConfiguration;
			buildSettings = {
				ASSETCATALOG_COMPILER_APPICON_NAME = AppIcon;
				ASSETCATALOG_COMPILER_GLOBAL_ACCENT_COLOR_NAME = AccentColor;
				CODE_SIGN_STYLE = Automatic;
				CURRENT_PROJECT_VERSION = 1;
				DEVELOPMENT_TEAM = 2T9W2TZKKW;
				GENERATE_INFOPLIST_FILE = YES;
				INFOPLIST_FILE = Tracker/Info.plist;
				INFOPLIST_KEY_UIApplicationSupportsIndirectInputEvents = YES;
				INFOPLIST_KEY_UILaunchStoryboardName = LaunchScreen;
				INFOPLIST_KEY_UISupportedInterfaceOrientations = UIInterfaceOrientationPortrait;
				INFOPLIST_KEY_UISupportedInterfaceOrientations_iPad = "UIInterfaceOrientationLandscapeLeft UIInterfaceOrientationLandscapeRight UIInterfaceOrientationPortrait UIInterfaceOrientationPortraitUpsideDown";
				IPHONEOS_DEPLOYMENT_TARGET = 13.4;
				LD_RUNPATH_SEARCH_PATHS = (
					"$(inherited)",
					"@executable_path/Frameworks",
				);
				MARKETING_VERSION = 1.0;
				PRODUCT_BUNDLE_IDENTIFIER = ru.AndreyOvchinnikovDev.Tracker;
				PRODUCT_NAME = "$(TARGET_NAME)";
				SUPPORTED_PLATFORMS = "iphoneos iphonesimulator";
				SUPPORTS_MACCATALYST = NO;
				SUPPORTS_MAC_DESIGNED_FOR_IPHONE_IPAD = NO;
				SWIFT_EMIT_LOC_STRINGS = YES;
				SWIFT_VERSION = 5.0;
				TARGETED_DEVICE_FAMILY = 1;
			};
			name = Debug;
		};
		1D9ACEF22A2570F7006DD51F /* Release */ = {
			isa = XCBuildConfiguration;
			buildSettings = {
				ASSETCATALOG_COMPILER_APPICON_NAME = AppIcon;
				ASSETCATALOG_COMPILER_GLOBAL_ACCENT_COLOR_NAME = AccentColor;
				CODE_SIGN_STYLE = Automatic;
				CURRENT_PROJECT_VERSION = 1;
				DEVELOPMENT_TEAM = 2T9W2TZKKW;
				GENERATE_INFOPLIST_FILE = YES;
				INFOPLIST_FILE = Tracker/Info.plist;
				INFOPLIST_KEY_UIApplicationSupportsIndirectInputEvents = YES;
				INFOPLIST_KEY_UILaunchStoryboardName = LaunchScreen;
				INFOPLIST_KEY_UISupportedInterfaceOrientations = UIInterfaceOrientationPortrait;
				INFOPLIST_KEY_UISupportedInterfaceOrientations_iPad = "UIInterfaceOrientationLandscapeLeft UIInterfaceOrientationLandscapeRight UIInterfaceOrientationPortrait UIInterfaceOrientationPortraitUpsideDown";
				IPHONEOS_DEPLOYMENT_TARGET = 13.4;
				LD_RUNPATH_SEARCH_PATHS = (
					"$(inherited)",
					"@executable_path/Frameworks",
				);
				MARKETING_VERSION = 1.0;
				PRODUCT_BUNDLE_IDENTIFIER = ru.AndreyOvchinnikovDev.Tracker;
				PRODUCT_NAME = "$(TARGET_NAME)";
				SUPPORTED_PLATFORMS = "iphoneos iphonesimulator";
				SUPPORTS_MACCATALYST = NO;
				SUPPORTS_MAC_DESIGNED_FOR_IPHONE_IPAD = NO;
				SWIFT_EMIT_LOC_STRINGS = YES;
				SWIFT_VERSION = 5.0;
				TARGETED_DEVICE_FAMILY = 1;
			};
			name = Release;
		};
/* End XCBuildConfiguration section */

/* Begin XCConfigurationList section */
		1D9ACED72A2570F6006DD51F /* Build configuration list for PBXProject "Tracker" */ = {
			isa = XCConfigurationList;
			buildConfigurations = (
				1D9ACEEE2A2570F7006DD51F /* Debug */,
				1D9ACEEF2A2570F7006DD51F /* Release */,
			);
			defaultConfigurationIsVisible = 0;
			defaultConfigurationName = Release;
		};
		1D9ACEF02A2570F7006DD51F /* Build configuration list for PBXNativeTarget "Tracker" */ = {
			isa = XCConfigurationList;
			buildConfigurations = (
				1D9ACEF12A2570F7006DD51F /* Debug */,
				1D9ACEF22A2570F7006DD51F /* Release */,
			);
			defaultConfigurationIsVisible = 0;
			defaultConfigurationName = Release;
		};
/* End XCConfigurationList section */
	};
	rootObject = 1D9ACED42A2570F6006DD51F /* Project object */;
}
